Microsoft Visual Studio Solution File, Format Version 11.00
# Visual Studio 2008

Project("{3D6EFD04-6C1F-B5DD-6299-7C5104FEDE69}") = "DatabaseTesting", "Assembly-CSharp.csproj", "{8AAF1BBB-8387-CBED-44B0-F01DAA759E21}"
EndProject
Global
	GlobalSection(SolutionConfigurationPlatforms) = preSolution
		Debug|Any CPU = Debug|Any CPU
		Release|Any CPU = Release|Any CPU
	EndGlobalSection
	GlobalSection(ProjectConfigurationPlatforms) = postSolution
		{8AAF1BBB-8387-CBED-44B0-F01DAA759E21}.Debug|Any CPU.ActiveCfg = Debug|Any CPU
		{8AAF1BBB-8387-CBED-44B0-F01DAA759E21}.Debug|Any CPU.Build.0 = Debug|Any CPU
		{8AAF1BBB-8387-CBED-44B0-F01DAA759E21}.Release|Any CPU.ActiveCfg = Release|Any CPU
		{8AAF1BBB-8387-CBED-44B0-F01DAA759E21}.Release|Any CPU.Build.0 = Release|Any CPU
	EndGlobalSection
	GlobalSection(SolutionProperties) = preSolution
		HideSolutionNode = FALSE
	EndGlobalSection
	GlobalSection(MonoDevelopProperties) = preSolution
		StartupItem = Assembly-CSharp.csproj
	EndGlobalSection
EndGlobal
